
Microsoft Visual Studio Solution File, Format Version 12.00
# Visual Studio 15
VisualStudioVersion = 15.0.28307.168
MinimumVisualStudioVersion = 10.0.40219.1
Project("{8BC9CEB8-8B4A-11D0-8D11-00A0C91BC942}") = "GraphicEngine", "GraphicEngine\GraphicEngine.vcxproj", "{745E9D80-125A-4D6A-AA2A-D51B28D7E688}"
EndProject
Global
	GlobalSection(SolutionConfigurationPlatforms) = preSolution
		Debug|x64 = Debug|x64
		Debug|x86 = Debug|x86
		Release|x64 = Release|x64
		Release|x86 = Release|x86
	EndGlobalSection
	GlobalSection(ProjectConfigurationPlatforms) = postSolution
		{745E9D80-125A-4D6A-AA2A-D51B28D7E688}.Debug|x64.ActiveCfg = Debug|x64
		{745E9D80-125A-4D6A-AA2A-D51B28D7E688}.Debug|x64.Build.0 = Debug|x64
		{745E9D80-125A-4D6A-AA2A-D51B28D7E688}.Debug|x86.ActiveCfg = Debug|Win32
		{745E9D80-125A-4D6A-AA2A-D51B28D7E688}.Debug|x86.Build.0 = Debug|Win32
		{745E9D80-125A-4D6A-AA2A-D51B28D7E688}.Release|x64.ActiveCfg = Release|x64
		{745E9D80-125A-4D6A-AA2A-D51B28D7E688}.Release|x64.Build.0 = Release|x64
		{745E9D80-125A-4D6A-AA2A-D51B28D7E688}.Release|x86.ActiveCfg = Release|Win32
		{745E9D80-125A-4D6A-AA2A-D51B28D7E688}.Release|x86.Build.0 = Release|Win32
	EndGlobalSection
	GlobalSection(SolutionProperties) = preSolution
		HideSolutionNode = FALSE
	EndGlobalSection
	GlobalSection(ExtensibilityGlobals) = postSolution
		SolutionGuid = {347F1CCF-2B5E-4BAF-89ED-C68887A7DF15}
	EndGlobalSection
EndGlobal
